
Microsoft Visual Studio Solution File, Format Version 10.00
# Visual Studio 2008
Project("{FAE04EC0-301F-11D3-BF4B-00C04F79EFBC}") = "TrafficSym2D", "TrafficSym2D\TrafficSym2D.csproj", "{309CB87C-0B5D-4C82-BF72-45D932FA3FAD}"
EndProject
Global
	GlobalSection(SolutionConfigurationPlatforms) = preSolution
		Debug|x86 = Debug|x86
		Release|x86 = Release|x86
	EndGlobalSection
	GlobalSection(ProjectConfigurationPlatforms) = postSolution
		{309CB87C-0B5D-4C82-BF72-45D932FA3FAD}.Debug|x86.ActiveCfg = Debug|x86
		{309CB87C-0B5D-4C82-BF72-45D932FA3FAD}.Debug|x86.Build.0 = Debug|x86
		{309CB87C-0B5D-4C82-BF72-45D932FA3FAD}.Release|x86.ActiveCfg = Release|x86
		{309CB87C-0B5D-4C82-BF72-45D932FA3FAD}.Release|x86.Build.0 = Release|x86
		{34A1633E-E1DF-457E-80EC-8D49A2F71AFD}.Debug|x86.ActiveCfg = Debug|x86
		{34A1633E-E1DF-457E-80EC-8D49A2F71AFD}.Release|x86.ActiveCfg = Release|x86
	EndGlobalSection
	GlobalSection(SolutionProperties) = preSolution
		HideSolutionNode = FALSE
	EndGlobalSection
EndGlobal
